# This file is automatically @generated by Cargo.
# It is not intended for manual editing.
version = 3

[[package]]
name = "const-assert"
version = "1.0.1"
source = "registry+https://github.com/rust-lang/crates.io-index"
checksum = "d8298db53081b3a951cadb6e0f4ebbe36def7bcb591a34676708d0d7ac87dd86"

[[package]]
name = "fixed-size-allocator"
version = "0.1.0"
dependencies = [
 "const-assert",
]
